
Microsoft Visual Studio Solution File, Format Version 12.00
# Visual Studio Version 16
VisualStudioVersion = 16.0.28729.10
MinimumVisualStudioVersion = 10.0.40219.1
Project("{FAE04EC0-301F-11D3-BF4B-00C04F79EFBC}") = "U8EAI", "U8EAI.csproj", "{834094D4-68E5-43B7-A955-FAE8747AE507}"
EndProject
Global
	GlobalSection(SolutionConfigurationPlatforms) = preSolution
		Debug|Any CPU = Debug|Any CPU
		Release|Any CPU = Release|Any CPU
	EndGlobalSection
	GlobalSection(ProjectConfigurationPlatforms) = postSolution
		{834094D4-68E5-43B7-A955-FAE8747AE507}.Debug|Any CPU.ActiveCfg = Debug|Any CPU
		{834094D4-68E5-43B7-A955-FAE8747AE507}.Debug|Any CPU.Build.0 = Debug|Any CPU
		{834094D4-68E5-43B7-A955-FAE8747AE507}.Release|Any CPU.ActiveCfg = Release|Any CPU
		{834094D4-68E5-43B7-A955-FAE8747AE507}.Release|Any CPU.Build.0 = Release|Any CPU
	EndGlobalSection
	GlobalSection(SolutionProperties) = preSolution
		HideSolutionNode = FALSE
	EndGlobalSection
	GlobalSection(ExtensibilityGlobals) = postSolution
		SolutionGuid = {5D0E7358-F419-455E-A61A-E4A4A94E8121}
	EndGlobalSection
EndGlobal
